// !$*UTF8*$!
{
	archiveVersion = 1;
	classes = {
	};
	objectVersion = 50;
	objects = {

/* Begin PBXBuildFile section */
		03AD57B636DE3B5EB53E7A68 /* Pods_GYM_APP.framework in Frameworks */ = {isa = PBXBuildFile; fileRef = D87AF8CF7015D42DB8797401 /* Pods_GYM_APP.framework */; };
		4B4708032283F72700A8408E /* AppDelegate.swift in Sources */ = {isa = PBXBuildFile; fileRef = 4B4708022283F72700A8408E /* AppDelegate.swift */; };
		4B4708052283F72700A8408E /* ViewController.swift in Sources */ = {isa = PBXBuildFile; fileRef = 4B4708042283F72700A8408E /* ViewController.swift */; };
		4B4708082283F72700A8408E /* Main.storyboard in Resources */ = {isa = PBXBuildFile; fileRef = 4B4708062283F72700A8408E /* Main.storyboard */; };
		4B47080A2283F72B00A8408E /* Assets.xcassets in Resources */ = {isa = PBXBuildFile; fileRef = 4B4708092283F72B00A8408E /* Assets.xcassets */; };
		4B47080D2283F72B00A8408E /* LaunchScreen.storyboard in Resources */ = {isa = PBXBuildFile; fileRef = 4B47080B2283F72B00A8408E /* LaunchScreen.storyboard */; };
		4B4708152283FBF000A8408E /* CustomMarkerView.swift in Sources */ = {isa = PBXBuildFile; fileRef = 4B4708142283FBF000A8408E /* CustomMarkerView.swift */; };
		4B4708172283FC8B00A8408E /* GymPreviewView.swift in Sources */ = {isa = PBXBuildFile; fileRef = 4B4708162283FC8B00A8408E /* GymPreviewView.swift */; };
		4B4708192284073B00A8408E /* DetailViewController.swift in Sources */ = {isa = PBXBuildFile; fileRef = 4B4708182284073B00A8408E /* DetailViewController.swift */; };
/* End PBXBuildFile section */

/* Begin PBXFileReference section */
		4B4707FF2283F72700A8408E /* GYM_APP.app */ = {isa = PBXFileReference; explicitFileType = wrapper.application; includeInIndex = 0; path = GYM_APP.app; sourceTree = BUILT_PRODUCTS_DIR; };
		4B4708022283F72700A8408E /* AppDelegate.swift */ = {isa = PBXFileReference; lastKnownFileType = sourcecode.swift; path = AppDelegate.swift; sourceTree = "<group>"; };
		4B4708042283F72700A8408E /* ViewController.swift */ = {isa = PBXFileReference; lastKnownFileType = sourcecode.swift; path = ViewController.swift; sourceTree = "<group>"; };
		4B4708072283F72700A8408E /* Base */ = {isa = PBXFileReference; lastKnownFileType = file.storyboard; name = Base; path = Base.lproj/Main.storyboard; sourceTree = "<group>"; };
		4B4708092283F72B00A8408E /* Assets.xcassets */ = {isa = PBXFileReference; lastKnownFileType = folder.assetcatalog; path = Assets.xcassets; sourceTree = "<group>"; };
		4B47080C2283F72B00A8408E /* Base */ = {isa = PBXFileReference; lastKnownFileType = file.storyboard; name = Base; path = Base.lproj/LaunchScreen.storyboard; sourceTree = "<group>"; };
		4B47080E2283F72B00A8408E /* Info.plist */ = {isa = PBXFileReference; lastKnownFileType = text.plist.xml; path = Info.plist; sourceTree = "<group>"; };
		4B4708142283FBF000A8408E /* CustomMarkerView.swift */ = {isa = PBXFileReference; lastKnownFileType = sourcecode.swift; path = CustomMarkerView.swift; sourceTree = "<group>"; };
		4B4708162283FC8B00A8408E /* GymPreviewView.swift */ = {isa = PBXFileReference; lastKnownFileType = sourcecode.swift; path = GymPreviewView.swift; sourceTree = "<group>"; };
		4B4708182284073B00A8408E /* DetailViewController.swift */ = {isa = PBXFileReference; lastKnownFileType = sourcecode.swift; path = DetailViewController.swift; sourceTree = "<group>"; };
		7159E20CCD5E0909D2C15F65 /* Pods-GYM_APP.release.xcconfig */ = {isa = PBXFileReference; includeInIndex = 1; lastKnownFileType = text.xcconfig; name = "Pods-GYM_APP.release.xcconfig"; path = "Pods/Target Support Files/Pods-GYM_APP/Pods-GYM_APP.release.xcconfig"; sourceTree = "<group>"; };
		AD079EEE63EE87146283DE1A /* Pods-GYM_APP.debug.xcconfig */ = {isa = PBXFileReference; includeInIndex = 1; lastKnownFileType = text.xcconfig; name = "Pods-GYM_APP.debug.xcconfig"; path = "Pods/Target Support Files/Pods-GYM_APP/Pods-GYM_APP.debug.xcconfig"; sourceTree = "<group>"; };
		D87AF8CF7015D42DB8797401 /* Pods_GYM_APP.framework */ = {isa = PBXFileReference; explicitFileType = wrapper.framework; includeInIndex = 0; path = Pods_GYM_APP.framework; sourceTree = BUILT_PRODUCTS_DIR; };
/* End PBXFileReference section */

/* Begin PBXFrameworksBuildPhase section */
		4B4707FC2283F72700A8408E /* Frameworks */ = {
			isa = PBXFrameworksBuildPhase;
			buildActionMask = 2147483647;
			files = (
				03AD57B636DE3B5EB53E7A68 /* Pods_GYM_APP.framework in Frameworks */,
			);
			runOnlyForDeploymentPostprocessing = 0;
		};
/* End PBXFrameworksBuildPhase section */

/* Begin PBXGroup section */
		40CACF87EED5653FCD2FC07F /* Frameworks */ = {
			isa = PBXGroup;
			children = (
				D87AF8CF7015D42DB8797401 /* Pods_GYM_APP.framework */,
			);
			name = Frameworks;
			sourceTree = "<group>";
		};
		4B4707F62283F72700A8408E = {
			isa = PBXGroup;
			children = (
				4B4708012283F72700A8408E /* GYM_APP */,
				4B4708002283F72700A8408E /* Products */,
				D9B2C91DD29F967F2D11FA4C /* Pods */,
				40CACF87EED5653FCD2FC07F /* Frameworks */,
			);
			sourceTree = "<group>";
		};
		4B4708002283F72700A8408E /* Products */ = {
			isa = PBXGroup;
			children = (
				4B4707FF2283F72700A8408E /* GYM_APP.app */,
			);
			name = Products;
			sourceTree = "<group>";
		};
		4B4708012283F72700A8408E /* GYM_APP */ = {
			isa = PBXGroup;
			children = (
				4B4708022283F72700A8408E /* AppDelegate.swift */,
				4B4708142283FBF000A8408E /* CustomMarkerView.swift */,
				4B4708162283FC8B00A8408E /* GymPreviewView.swift */,
				4B4708182284073B00A8408E /* DetailViewController.swift */,
				4B4708042283F72700A8408E /* ViewController.swift */,
				4B4708062283F72700A8408E /* Main.storyboard */,
				4B4708092283F72B00A8408E /* Assets.xcassets */,
				4B47080B2283F72B00A8408E /* LaunchScreen.storyboard */,
				4B47080E2283F72B00A8408E /* Info.plist */,
			);
			path = GYM_APP;
			sourceTree = "<group>";
		};
		D9B2C91DD29F967F2D11FA4C /* Pods */ = {
			isa = PBXGroup;
			children = (
				AD079EEE63EE87146283DE1A /* Pods-GYM_APP.debug.xcconfig */,
				7159E20CCD5E0909D2C15F65 /* Pods-GYM_APP.release.xcconfig */,
			);
			name = Pods;
			sourceTree = "<group>";
		};
/* End PBXGroup section */

/* Begin PBXNativeTarget section */
		4B4707FE2283F72700A8408E /* GYM_APP */ = {
			isa = PBXNativeTarget;
			buildConfigurationList = 4B4708112283F72B00A8408E /* Build configuration list for PBXNativeTarget "GYM_APP" */;
			buildPhases = (
				B8DD63E1F3BA627C72BC99F8 /* [CP] Check Pods Manifest.lock */,
				4B4707FB2283F72700A8408E /* Sources */,
				4B4707FC2283F72700A8408E /* Frameworks */,
				4B4707FD2283F72700A8408E /* Resources */,
				A3E93FC854AF9CB76C02A9A1 /* [CP] Copy Pods Resources */,
			);
			buildRules = (
			);
			dependencies = (
			);
			name = GYM_APP;
			productName = GYM_APP;
			productReference = 4B4707FF2283F72700A8408E /* GYM_APP.app */;
			productType = "com.apple.product-type.application";
		};
/* End PBXNativeTarget section */

/* Begin PBXProject section */
		4B4707F72283F72700A8408E /* Project object */ = {
			isa = PBXProject;
			attributes = {
				LastSwiftUpdateCheck = 1010;
				LastUpgradeCheck = 1010;
				ORGANIZATIONNAME = "Divya Sood";
				TargetAttributes = {
					4B4707FE2283F72700A8408E = {
						CreatedOnToolsVersion = 10.1;
					};
				};
			};
			buildConfigurationList = 4B4707FA2283F72700A8408E /* Build configuration list for PBXProject "GYM_APP" */;
			compatibilityVersion = "Xcode 9.3";
			developmentRegion = en;
			hasScannedForEncodings = 0;
			knownRegions = (
				en,
				Base,
			);
			mainGroup = 4B4707F62283F72700A8408E;
			productRefGroup = 4B4708002283F72700A8408E /* Products */;
			projectDirPath = "";
			projectRoot = "";
			targets = (
				4B4707FE2283F72700A8408E /* GYM_APP */,
			);
		};
/* End PBXProject section */

/* Begin PBXResourcesBuildPhase section */
		4B4707FD2283F72700A8408E /* Resources */ = {
			isa = PBXResourcesBuildPhase;
			buildActionMask = 2147483647;
			files = (
				4B47080D2283F72B00A8408E /* LaunchScreen.storyboard in Resources */,
				4B47080A2283F72B00A8408E /* Assets.xcassets in Resources */,
				4B4708082283F72700A8408E /* Main.storyboard in Resources */,
			);
			runOnlyForDeploymentPostprocessing = 0;
		};
/* End PBXResourcesBuildPhase section */

/* Begin PBXShellScriptBuildPhase section */
		A3E93FC854AF9CB76C02A9A1 /* [CP] Copy Pods Resources */ = {
			isa = PBXShellScriptBuildPhase;
			buildActionMask = 2147483647;
			files = (
			);
			inputFileListPaths = (
			);
			inputPaths = (
				"${SRCROOT}/Pods/Target Support Files/Pods-GYM_APP/Pods-GYM_APP-resources.sh",
				"${PODS_ROOT}/GoogleMaps/Maps/Frameworks/GoogleMaps.framework/Resources/GoogleMaps.bundle",
				"${PODS_ROOT}/GooglePlacePicker/Frameworks/GooglePlacePicker.framework/Resources/GooglePlacePicker.bundle",
				"${PODS_ROOT}/GooglePlaces/Frameworks/GooglePlaces.framework/Resources/GooglePlaces.bundle",
			);
			name = "[CP] Copy Pods Resources";
			outputFileListPaths = (
			);
			outputPaths = (
				"${TARGET_BUILD_DIR}/${UNLOCALIZED_RESOURCES_FOLDER_PATH}/GoogleMaps.bundle",
				"${TARGET_BUILD_DIR}/${UNLOCALIZED_RESOURCES_FOLDER_PATH}/GooglePlacePicker.bundle",
				"${TARGET_BUILD_DIR}/${UNLOCALIZED_RESOURCES_FOLDER_PATH}/GooglePlaces.bundle",
			);
			runOnlyForDeploymentPostprocessing = 0;
			shellPath = /bin/sh;
			shellScript = "\"${SRCROOT}/Pods/Target Support Files/Pods-GYM_APP/Pods-GYM_APP-resources.sh\"\n";
			showEnvVarsInLog = 0;
		};
		B8DD63E1F3BA627C72BC99F8 /* [CP] Check Pods Manifest.lock */ = {
			isa = PBXShellScriptBuildPhase;
			buildActionMask = 2147483647;
			files = (
			);
			inputFileListPaths = (
			);
			inputPaths = (
				"${PODS_PODFILE_DIR_PATH}/Podfile.lock",
				"${PODS_ROOT}/Manifest.lock",
			);
			name = "[CP] Check Pods Manifest.lock";
			outputFileListPaths = (
			);
			outputPaths = (
				"$(DERIVED_FILE_DIR)/Pods-GYM_APP-checkManifestLockResult.txt",
			);
			runOnlyForDeploymentPostprocessing = 0;
			shellPath = /bin/sh;
			shellScript = "diff \"${PODS_PODFILE_DIR_PATH}/Podfile.lock\" \"${PODS_ROOT}/Manifest.lock\" > /dev/null\nif [ $? != 0 ] ; then\n    # print error to STDERR\n    echo \"error: The sandbox is not in sync with the Podfile.lock. Run 'pod install' or update your CocoaPods installation.\" >&2\n    exit 1\nfi\n# This output is used by Xcode 'outputs' to avoid re-running this script phase.\necho \"SUCCESS\" > \"${SCRIPT_OUTPUT_FILE_0}\"\n";
			showEnvVarsInLog = 0;
		};
/* End PBXShellScriptBuildPhase section */

/* Begin PBXSourcesBuildPhase section */
		4B4707FB2283F72700A8408E /* Sources */ = {
			isa = PBXSourcesBuildPhase;
			buildActionMask = 2147483647;
			files = (
				4B4708052283F72700A8408E /* ViewController.swift in Sources */,
				4B4708172283FC8B00A8408E /* GymPreviewView.swift in Sources */,
				4B4708192284073B00A8408E /* DetailViewController.swift in Sources */,
				4B4708032283F72700A8408E /* AppDelegate.swift in Sources */,
				4B4708152283FBF000A8408E /* CustomMarkerView.swift in Sources */,
			);
			runOnlyForDeploymentPostprocessing = 0;
		};
/* End PBXSourcesBuildPhase section */

/* Begin PBXVariantGroup section */
		4B4708062283F72700A8408E /* Main.storyboard */ = {
			isa = PBXVariantGroup;
			children = (
				4B4708072283F72700A8408E /* Base */,
			);
			name = Main.storyboard;
			sourceTree = "<group>";
		};
		4B47080B2283F72B00A8408E /* LaunchScreen.storyboard */ = {
			isa = PBXVariantGroup;
			children = (
				4B47080C2283F72B00A8408E /* Base */,
			);
			name = LaunchScreen.storyboard;
			sourceTree = "<group>";
		};
/* End PBXVariantGroup section */

/* Begin XCBuildConfiguration section */
		4B47080F2283F72B00A8408E /* Debug */ = {
			isa = XCBuildConfiguration;
			buildSettings = {
				ALWAYS_SEARCH_USER_PATHS = NO;
				CLANG_ANALYZER_NONNULL = YES;
				CLANG_ANALYZER_NUMBER_OBJECT_CONVERSION = YES_AGGRESSIVE;
				CLANG_CXX_LANGUAGE_STANDARD = "gnu++14";
				CLANG_CXX_LIBRARY = "libc++";
				CLANG_ENABLE_MODULES = YES;
				CLANG_ENABLE_OBJC_ARC = YES;
				CLANG_ENABLE_OBJC_WEAK = YES;
				CLANG_WARN_BLOCK_CAPTURE_AUTORELEASING = YES;
				CLANG_WARN_BOOL_CONVERSION = YES;
				CLANG_WARN_COMMA = YES;
				CLANG_WARN_CONSTANT_CONVERSION = YES;
				CLANG_WARN_DEPRECATED_OBJC_IMPLEMENTATIONS = YES;
				CLANG_WARN_DIRECT_OBJC_ISA_USAGE = YES_ERROR;
				CLANG_WARN_DOCUMENTATION_COMMENTS = YES;
				CLANG_WARN_EMPTY_BODY = YES;
				CLANG_WARN_ENUM_CONVERSION = YES;
				CLANG_WARN_INFINITE_RECURSION = YES;
				CLANG_WARN_INT_CONVERSION = YES;
				CLANG_WARN_NON_LITERAL_NULL_CONVERSION = YES;
				CLANG_WARN_OBJC_IMPLICIT_RETAIN_SELF = YES;
				CLANG_WARN_OBJC_LITERAL_CONVERSION = YES;
				CLANG_WARN_OBJC_ROOT_CLASS = YES_ERROR;
				CLANG_WARN_RANGE_LOOP_ANALYSIS = YES;
				CLANG_WARN_STRICT_PROTOTYPES = YES;
				CLANG_WARN_SUSPICIOUS_MOVE = YES;
				CLANG_WARN_UNGUARDED_AVAILABILITY = YES_AGGRESSIVE;
				CLANG_WARN_UNREACHABLE_CODE = YES;
				CLANG_WARN__DUPLICATE_METHOD_MATCH = YES;
				CODE_SIGN_IDENTITY = "iPhone Developer";
				COPY_PHASE_STRIP = NO;
				DEBUG_INFORMATION_FORMAT = dwarf;
				ENABLE_STRICT_OBJC_MSGSEND = YES;
				ENABLE_TESTABILITY = YES;
				GCC_C_LANGUAGE_STANDARD = gnu11;
				GCC_DYNAMIC_NO_PIC = NO;
				GCC_NO_COMMON_BLOCKS = YES;
				GCC_OPTIMIZATION_LEVEL = 0;
				GCC_PREPROCESSOR_DEFINITIONS = (
					"DEBUG=1",
					"$(inherited)",
				);
				GCC_WARN_64_TO_32_BIT_CONVERSION = YES;
				GCC_WARN_ABOUT_RETURN_TYPE = YES_ERROR;
				GCC_WARN_UNDECLARED_SELECTOR = YES;
				GCC_WARN_UNINITIALIZED_AUTOS = YES_AGGRESSIVE;
				GCC_WARN_UNUSED_FUNCTION = YES;
				GCC_WARN_UNUSED_VARIABLE = YES;
				IPHONEOS_DEPLOYMENT_TARGET = 12.1;
				MTL_ENABLE_DEBUG_INFO = INCLUDE_SOURCE;
				MTL_FAST_MATH = YES;
				ONLY_ACTIVE_ARCH = YES;
				SDKROOT = iphoneos;
				SWIFT_ACTIVE_COMPILATION_CONDITIONS = DEBUG;
				SWIFT_OPTIMIZATION_LEVEL = "-Onone";
			};
			name = Debug;
		};
		4B4708102283F72B00A8408E /* Release */ = {
			isa = XCBuildConfiguration;
			buildSettings = {
				ALWAYS_SEARCH_USER_PATHS = NO;
				CLANG_ANALYZER_NONNULL = YES;
				CLANG_ANALYZER_NUMBER_OBJECT_CONVERSION = YES_AGGRESSIVE;
				CLANG_CXX_LANGUAGE_STANDARD = "gnu++14";
				CLANG_CXX_LIBRARY = "libc++";
				CLANG_ENABLE_MODULES = YES;
				CLANG_ENABLE_OBJC_ARC = YES;
				CLANG_ENABLE_OBJC_WEAK = YES;
				CLANG_WARN_BLOCK_CAPTURE_AUTORELEASING = YES;
				CLANG_WARN_BOOL_CONVERSION = YES;
				CLANG_WARN_COMMA = YES;
				CLANG_WARN_CONSTANT_CONVERSION = YES;
				CLANG_WARN_DEPRECATED_OBJC_IMPLEMENTATIONS = YES;
				CLANG_WARN_DIRECT_OBJC_ISA_USAGE = YES_ERROR;
				CLANG_WARN_DOCUMENTATION_COMMENTS = YES;
				CLANG_WARN_EMPTY_BODY = YES;
				CLANG_WARN_ENUM_CONVERSION = YES;
				CLANG_WARN_INFINITE_RECURSION = YES;
				CLANG_WARN_INT_CONVERSION = YES;
				CLANG_WARN_NON_LITERAL_NULL_CONVERSION = YES;
				CLANG_WARN_OBJC_IMPLICIT_RETAIN_SELF = YES;
				CLANG_WARN_OBJC_LITERAL_CONVERSION = YES;
				CLANG_WARN_OBJC_ROOT_CLASS = YES_ERROR;
				CLANG_WARN_RANGE_LOOP_ANALYSIS = YES;
				CLANG_WARN_STRICT_PROTOTYPES = YES;
				CLANG_WARN_SUSPICIOUS_MOVE = YES;
				CLANG_WARN_UNGUARDED_AVAILABILITY = YES_AGGRESSIVE;
				CLANG_WARN_UNREACHABLE_CODE = YES;
				CLANG_WARN__DUPLICATE_METHOD_MATCH = YES;
				CODE_SIGN_IDENTITY = "iPhone Developer";
				COPY_PHASE_STRIP = NO;
				DEBUG_INFORMATION_FORMAT = "dwarf-with-dsym";
				ENABLE_NS_ASSERTIONS = NO;
				ENABLE_STRICT_OBJC_MSGSEND = YES;
				GCC_C_LANGUAGE_STANDARD = gnu11;
				GCC_NO_COMMON_BLOCKS = YES;
				GCC_WARN_64_TO_32_BIT_CONVERSION = YES;
				GCC_WARN_ABOUT_RETURN_TYPE = YES_ERROR;
				GCC_WARN_UNDECLARED_SELECTOR = YES;
				GCC_WARN_UNINITIALIZED_AUTOS = YES_AGGRESSIVE;
				GCC_WARN_UNUSED_FUNCTION = YES;
				GCC_WARN_UNUSED_VARIABLE = YES;
				IPHONEOS_DEPLOYMENT_TARGET = 12.1;
				MTL_ENABLE_DEBUG_INFO = NO;
				MTL_FAST_MATH = YES;
				SDKROOT = iphoneos;
				SWIFT_COMPILATION_MODE = wholemodule;
				SWIFT_OPTIMIZATION_LEVEL = "-O";
				VALIDATE_PRODUCT = YES;
			};
			name = Release;
		};
		4B4708122283F72B00A8408E /* Debug */ = {
			isa = XCBuildConfiguration;
			baseConfigurationReference = AD079EEE63EE87146283DE1A /* Pods-GYM_APP.debug.xcconfig */;
			buildSettings = {
				ASSETCATALOG_COMPILER_APPICON_NAME = AppIcon;
				CODE_SIGN_STYLE = Automatic;
				INFOPLIST_FILE = GYM_APP/Info.plist;
				LD_RUNPATH_SEARCH_PATHS = (
					"$(inherited)",
					"@executable_path/Frameworks",
				);
				PRODUCT_BUNDLE_IDENTIFIER = "divyasood.GYM-APP";
				PRODUCT_NAME = "$(TARGET_NAME)";
				SWIFT_VERSION = 4.2;
				TARGETED_DEVICE_FAMILY = "1,2";
			};
			name = Debug;
		};
		4B4708132283F72B00A8408E /* Release */ = {
			isa = XCBuildConfiguration;
			baseConfigurationReference = 7159E20CCD5E0909D2C15F65 /* Pods-GYM_APP.release.xcconfig */;
			buildSettings = {
				ASSETCATALOG_COMPILER_APPICON_NAME = AppIcon;
				CODE_SIGN_STYLE = Automatic;
				INFOPLIST_FILE = GYM_APP/Info.plist;
				LD_RUNPATH_SEARCH_PATHS = (
					"$(inherited)",
					"@executable_path/Frameworks",
				);
				PRODUCT_BUNDLE_IDENTIFIER = "divyasood.GYM-APP";
				PRODUCT_NAME = "$(TARGET_NAME)";
				SWIFT_VERSION = 4.2;
				TARGETED_DEVICE_FAMILY = "1,2";
			};
			name = Release;
		};
/* End XCBuildConfiguration section */

/* Begin XCConfigurationList section */
		4B4707FA2283F72700A8408E /* Build configuration list for PBXProject "GYM_APP" */ = {
			isa = XCConfigurationList;
			buildConfigurations = (
				4B47080F2283F72B00A8408E /* Debug */,
				4B4708102283F72B00A8408E /* Release */,
			);
			defaultConfigurationIsVisible = 0;
			defaultConfigurationName = Release;
		};
		4B4708112283F72B00A8408E /* Build configuration list for PBXNativeTarget "GYM_APP" */ = {
			isa = XCConfigurationList;
			buildConfigurations = (
				4B4708122283F72B00A8408E /* Debug */,
				4B4708132283F72B00A8408E /* Release */,
			);
			defaultConfigurationIsVisible = 0;
			defaultConfigurationName = Release;
		};
/* End XCConfigurationList section */
	};
	rootObject = 4B4707F72283F72700A8408E /* Project object */;
}
